
Microsoft Visual Studio Solution File, Format Version 12.00
# Visual Studio Version 16
VisualStudioVersion = 16.0.31019.35
MinimumVisualStudioVersion = 10.0.40219.1
Project("{FAE04EC0-301F-11D3-BF4B-00C04F79EFBC}") = "ISRPOInv", "ISRPOInv.csproj", "{E476A742-81FB-445F-A2CA-245C557B9CD6}"
EndProject
Global
	GlobalSection(SolutionConfigurationPlatforms) = preSolution
		Debug|Any CPU = Debug|Any CPU
		Release|Any CPU = Release|Any CPU
	EndGlobalSection
	GlobalSection(ProjectConfigurationPlatforms) = postSolution
		{E476A742-81FB-445F-A2CA-245C557B9CD6}.Debug|Any CPU.ActiveCfg = Debug|Any CPU
		{E476A742-81FB-445F-A2CA-245C557B9CD6}.Debug|Any CPU.Build.0 = Debug|Any CPU
		{E476A742-81FB-445F-A2CA-245C557B9CD6}.Release|Any CPU.ActiveCfg = Release|Any CPU
		{E476A742-81FB-445F-A2CA-245C557B9CD6}.Release|Any CPU.Build.0 = Release|Any CPU
	EndGlobalSection
	GlobalSection(SolutionProperties) = preSolution
		HideSolutionNode = FALSE
	EndGlobalSection
	GlobalSection(ExtensibilityGlobals) = postSolution
		SolutionGuid = {0A61DED1-F8BD-41F6-8AF0-1FF329DB53BF}
	EndGlobalSection
EndGlobal
